version=v0.3.1
commit=61792d6c41c836a4a61522c3b93299d40189e400
darwin-amd64=70ef39ea22be20b0202c9cb36bd758c5c22aebf5e84d78ebe16ec05ba1f7def3
darwin-arm64=b2ac7829eaa54e3e22d27a745a25bf42606945f032f7deb09d27c192f7b61eb1
linux-amd64=12f1aef62c4d455967a17b6b989f1bf47c1ef5deb7a7ef321f2a2446b1cd1a65
linux-arm64=60b03e6f328c10961d994938946bf47b07b11a0c52032cb68e417f1170bf495a
