version=v0.3.0
commit=559dacead9af66773597b82d5a320f866aa0e223
darwin-amd64=b70f4a9510fa3ab19ee12e71773093a5776b10c37e4d6c0984645e2dcc8e7ab1
darwin-arm64=a8d1ff020cc9cce1ae4f008ea899cc70d29b5c99253dabe6ac5a80d0cd778126
linux-amd64=95dc42084a85c2ff7e6f7e90472e6dda2447c73b3d814be3c688e03c5a2eb6d9
linux-arm64=8016a2dd7371ecfe7f6fa267c78d05fdad15a90fcb841eb02d311e26c738af36
