version=v0.2.0
commit=5d5737a0f490039f876dd1013695e3f868e778dc
darwin-amd64=aea22480144aa1ddd6dc7ea349f391acf5028d900164766824ac1a359b430ef9
darwin-arm64=c08d4aff937f6d96539d36bd431133bdbf244fd80931f674c805029deb9124f1
linux-amd64=11b45c4e2867e55cb236e2adff4e4c524117acb713bdc7f9681aa66edc8c17aa
linux-arm64=09c1a3c2ddda6d1332870a64740826f44c550576706789c01f6239e1c01c9719
