version=v0.4.1
commit=05caf36d3560d26751b29ac7a99d9e179444c850
aarch64-apple-darwin=dab264fc61c54fc0f14fc297c5173d8ce9826de38c34fd58612b0811c43e1bdd
x86_64-apple-darwin=cde81a1d2f644b8607c20a2695b1dcea2e4ac3eb616a68e2796e3f0a642127b8
aarch64-unknown-linux-gnu=06c9e0d2bbf663c3936d89af3c2fd198e1c9005bda32498704f118b561287da5
x86_64-unknown-linux-gnu=15f417e9ae1cc7654142958b6d767653962e5b5819b41b6bb3608170da2c7dbd
